
Microsoft Visual Studio Solution File, Format Version 12.00
# Visual Studio Version 16
VisualStudioVersion = 16.0.34601.136
MinimumVisualStudioVersion = 10.0.40219.1
Project("{FAE04EC0-301F-11D3-BF4B-00C04F79EFBC}") = "PriceAndDiscount", "Lesson2\PriceAndDiscount\PriceAndDiscount.csproj", "{4DB562D0-2093-4553-9A55-A0158CDEF924}"
EndProject
Project("{FAE04EC0-301F-11D3-BF4B-00C04F79EFBC}") = "Books", "Lesson2\Books\Books.csproj", "{2C19A620-85F9-42D2-A4AA-E9A99D136E3B}"
EndProject
Project("{FAE04EC0-301F-11D3-BF4B-00C04F79EFBC}") = "TimeInSeconds", "Lesson2\TimeInSeconds\TimeInSeconds.csproj", "{3C1C66E3-BE52-424D-AD60-949008CE55A5}"
EndProject
Global
	GlobalSection(SolutionConfigurationPlatforms) = preSolution
		Debug|Any CPU = Debug|Any CPU
		Release|Any CPU = Release|Any CPU
	EndGlobalSection
	GlobalSection(ProjectConfigurationPlatforms) = postSolution
		{4DB562D0-2093-4553-9A55-A0158CDEF924}.Debug|Any CPU.ActiveCfg = Debug|Any CPU
		{4DB562D0-2093-4553-9A55-A0158CDEF924}.Debug|Any CPU.Build.0 = Debug|Any CPU
		{4DB562D0-2093-4553-9A55-A0158CDEF924}.Release|Any CPU.ActiveCfg = Release|Any CPU
		{4DB562D0-2093-4553-9A55-A0158CDEF924}.Release|Any CPU.Build.0 = Release|Any CPU
		{2C19A620-85F9-42D2-A4AA-E9A99D136E3B}.Debug|Any CPU.ActiveCfg = Debug|Any CPU
		{2C19A620-85F9-42D2-A4AA-E9A99D136E3B}.Debug|Any CPU.Build.0 = Debug|Any CPU
		{2C19A620-85F9-42D2-A4AA-E9A99D136E3B}.Release|Any CPU.ActiveCfg = Release|Any CPU
		{2C19A620-85F9-42D2-A4AA-E9A99D136E3B}.Release|Any CPU.Build.0 = Release|Any CPU
		{3C1C66E3-BE52-424D-AD60-949008CE55A5}.Debug|Any CPU.ActiveCfg = Debug|Any CPU
		{3C1C66E3-BE52-424D-AD60-949008CE55A5}.Debug|Any CPU.Build.0 = Debug|Any CPU
		{3C1C66E3-BE52-424D-AD60-949008CE55A5}.Release|Any CPU.ActiveCfg = Release|Any CPU
		{3C1C66E3-BE52-424D-AD60-949008CE55A5}.Release|Any CPU.Build.0 = Release|Any CPU
	EndGlobalSection
	GlobalSection(SolutionProperties) = preSolution
		HideSolutionNode = FALSE
	EndGlobalSection
	GlobalSection(ExtensibilityGlobals) = postSolution
		SolutionGuid = {B4E056A5-E0F3-444B-9016-E0E9F0C1FE6B}
	EndGlobalSection
EndGlobal
