
Microsoft Visual Studio Solution File, Format Version 12.00
# Visual Studio Version 16
VisualStudioVersion = 16.0.34601.136
MinimumVisualStudioVersion = 10.0.40219.1
Project("{FAE04EC0-301F-11D3-BF4B-00C04F79EFBC}") = "PriceAndDiscount", "Lesson2\PriceAndDiscount\PriceAndDiscount.csproj", "{4DB562D0-2093-4553-9A55-A0158CDEF924}"
EndProject
Project("{FAE04EC0-301F-11D3-BF4B-00C04F79EFBC}") = "Books", "Lesson2\Books\Books.csproj", "{2C19A620-85F9-42D2-A4AA-E9A99D136E3B}"
EndProject
Project("{FAE04EC0-301F-11D3-BF4B-00C04F79EFBC}") = "TimeInSeconds", "Lesson2\TimeInSeconds\TimeInSeconds.csproj", "{3C1C66E3-BE52-424D-AD60-949008CE55A5}"
EndProject
Project("{FAE04EC0-301F-11D3-BF4B-00C04F79EFBC}") = "Three-digit number", "Lesson3\Three-digit number\Three-digit number.csproj", "{E5B0DFA6-FF9C-434F-9385-368FD3C816A3}"
EndProject
Project("{FAE04EC0-301F-11D3-BF4B-00C04F79EFBC}") = "MathPow", "Lesson3\MathPow\MathPow.csproj", "{11D27E17-F30E-4E14-BF27-0596ABB05FAD}"
EndProject
Project("{FAE04EC0-301F-11D3-BF4B-00C04F79EFBC}") = "Three-digit number (replace)", "Lesson3\Three-digit number (replace)\Three-digit number (replace).csproj", "{9104751C-ABE7-4D71-853F-A62D3907D0F6}"
EndProject
Project("{FAE04EC0-301F-11D3-BF4B-00C04F79EFBC}") = "Average", "Lesson3\Average\Average.csproj", "{CFEE5590-9D38-45FA-B25D-5C184CB50ACD}"
EndProject
Project("{FAE04EC0-301F-11D3-BF4B-00C04F79EFBC}") = "Сircle radius", "Lesson3\Сircle radius\Сircle radius.csproj", "{B96878FF-057C-45AD-854B-0EDBAF2FD591}"
EndProject
Project("{FAE04EC0-301F-11D3-BF4B-00C04F79EFBC}") = "Replace vars", "Lesson3\Replace vars\Replace vars.csproj", "{43559E0B-524F-4B27-83BE-143A573B9434}"
EndProject
Project("{FAE04EC0-301F-11D3-BF4B-00C04F79EFBC}") = "Comparison of numbers", "Lesson4\Comparison of numbers\Comparison of numbers.csproj", "{3E48E864-EE0F-4698-BC76-6FA8B744DCFD}"
EndProject
Project("{FAE04EC0-301F-11D3-BF4B-00C04F79EFBC}") = "Seasons", "Lesson4\Seasons\Seasons.csproj", "{6445D3B8-92B5-47BC-AA17-A7ACC09704FD}"
EndProject
Project("{FAE04EC0-301F-11D3-BF4B-00C04F79EFBC}") = "Fizz or Buzz", "Lesson4\Fizz or Buzz\Fizz or Buzz.csproj", "{8A8AA6BA-13F3-4160-BA35-956C84E14C1A}"
EndProject
Project("{FAE04EC0-301F-11D3-BF4B-00C04F79EFBC}") = "Quadratic equation", "Lesson4\Quadratic equation\Quadratic equation.csproj", "{DB0B705A-D8C9-46FA-954F-1C289377BEC3}"
EndProject
Project("{FAE04EC0-301F-11D3-BF4B-00C04F79EFBC}") = "Password", "Lesson5\Password\Password.csproj", "{A11AA9CD-5097-49FA-A6A4-C0E51F0B0262}"
EndProject
Project("{FAE04EC0-301F-11D3-BF4B-00C04F79EFBC}") = "Guess the number", "Lesson5\Guess the number\Guess the number.csproj", "{2A5ED0C0-87B6-4BCA-804B-404CD3502CF2}"
EndProject
Project("{FAE04EC0-301F-11D3-BF4B-00C04F79EFBC}") = "Multiplication table", "Lesson5\Multiplication table\Multiplication table.csproj", "{5C09D3FA-A3B1-4B02-B751-9FA123EC0049}"
EndProject
Project("{FAE04EC0-301F-11D3-BF4B-00C04F79EFBC}") = "Positive numbers in the loop", "Lesson6\Positive numbers in the loop\Positive numbers in the loop.csproj", "{578E20BA-911E-49CE-9C13-4F44B445ECF8}"
EndProject
Project("{FAE04EC0-301F-11D3-BF4B-00C04F79EFBC}") = "Reverse array", "Lesson6\Reverse array\Reverse array.csproj", "{D682487C-A99D-4408-8413-D2B913599C2C}"
EndProject
Project("{FAE04EC0-301F-11D3-BF4B-00C04F79EFBC}") = "Add first element to array", "Lesson6\Add first element to array\Add first element to array.csproj", "{F37F6A34-F6FF-4E9A-92A6-56FD223DEE99}"
EndProject
Project("{FAE04EC0-301F-11D3-BF4B-00C04F79EFBC}") = "Print elements", "Lesson6\Print elements\Print elements.csproj", "{F3BA7458-2676-4548-9703-548898F64F2F}"
EndProject
Project("{FAE04EC0-301F-11D3-BF4B-00C04F79EFBC}") = "Marks", "Lesson7\Marks\Marks.csproj", "{490CD2CF-9B35-462E-AF76-2053F6EFEC71}"
EndProject
Project("{FAE04EC0-301F-11D3-BF4B-00C04F79EFBC}") = "Empty", "Lesson7\Empty\Empty.csproj", "{25A357E4-4DE0-4525-96AE-FDF945D550F3}"
EndProject
Project("{FAE04EC0-301F-11D3-BF4B-00C04F79EFBC}") = "Shop", "Lesson8\Shop\Shop.csproj", "{D0A7BB06-46EA-4BC5-AF01-99C4B2F5F1E3}"
EndProject
Project("{FAE04EC0-301F-11D3-BF4B-00C04F79EFBC}") = "Empty2", "Lesson8\Empty2\Empty2.csproj", "{C25373DF-B9DF-4E3F-A036-964232CD468B}"
EndProject
Project("{FAE04EC0-301F-11D3-BF4B-00C04F79EFBC}") = "OOP_Books", "Lesson9\OOP_Books\OOP_Books.csproj", "{8A344236-8D42-4125-B7DC-57965C7824AC}"
EndProject
Project("{FAE04EC0-301F-11D3-BF4B-00C04F79EFBC}") = "Empty3", "Lesson9\Empty3\Empty3.csproj", "{8C299040-4808-43A1-8ACF-9378CCEC8E4D}"
EndProject
Project("{FAE04EC0-301F-11D3-BF4B-00C04F79EFBC}") = "DateFormat", "Lesson10\DateFormat\DateFormat.csproj", "{570AB249-4A02-4160-B6B1-13B3DF66069B}"
EndProject
Project("{FAE04EC0-301F-11D3-BF4B-00C04F79EFBC}") = "PeopleData", "Lesson10\PeopleData\PeopleData.csproj", "{FF6262FC-53E4-4BDF-A526-85A110645FB0}"
EndProject
Global
	GlobalSection(SolutionConfigurationPlatforms) = preSolution
		Debug|Any CPU = Debug|Any CPU
		Release|Any CPU = Release|Any CPU
	EndGlobalSection
	GlobalSection(ProjectConfigurationPlatforms) = postSolution
		{4DB562D0-2093-4553-9A55-A0158CDEF924}.Debug|Any CPU.ActiveCfg = Debug|Any CPU
		{4DB562D0-2093-4553-9A55-A0158CDEF924}.Debug|Any CPU.Build.0 = Debug|Any CPU
		{4DB562D0-2093-4553-9A55-A0158CDEF924}.Release|Any CPU.ActiveCfg = Release|Any CPU
		{4DB562D0-2093-4553-9A55-A0158CDEF924}.Release|Any CPU.Build.0 = Release|Any CPU
		{2C19A620-85F9-42D2-A4AA-E9A99D136E3B}.Debug|Any CPU.ActiveCfg = Debug|Any CPU
		{2C19A620-85F9-42D2-A4AA-E9A99D136E3B}.Debug|Any CPU.Build.0 = Debug|Any CPU
		{2C19A620-85F9-42D2-A4AA-E9A99D136E3B}.Release|Any CPU.ActiveCfg = Release|Any CPU
		{2C19A620-85F9-42D2-A4AA-E9A99D136E3B}.Release|Any CPU.Build.0 = Release|Any CPU
		{3C1C66E3-BE52-424D-AD60-949008CE55A5}.Debug|Any CPU.ActiveCfg = Debug|Any CPU
		{3C1C66E3-BE52-424D-AD60-949008CE55A5}.Debug|Any CPU.Build.0 = Debug|Any CPU
		{3C1C66E3-BE52-424D-AD60-949008CE55A5}.Release|Any CPU.ActiveCfg = Release|Any CPU
		{3C1C66E3-BE52-424D-AD60-949008CE55A5}.Release|Any CPU.Build.0 = Release|Any CPU
		{E5B0DFA6-FF9C-434F-9385-368FD3C816A3}.Debug|Any CPU.ActiveCfg = Debug|Any CPU
		{E5B0DFA6-FF9C-434F-9385-368FD3C816A3}.Debug|Any CPU.Build.0 = Debug|Any CPU
		{E5B0DFA6-FF9C-434F-9385-368FD3C816A3}.Release|Any CPU.ActiveCfg = Release|Any CPU
		{E5B0DFA6-FF9C-434F-9385-368FD3C816A3}.Release|Any CPU.Build.0 = Release|Any CPU
		{11D27E17-F30E-4E14-BF27-0596ABB05FAD}.Debug|Any CPU.ActiveCfg = Debug|Any CPU
		{11D27E17-F30E-4E14-BF27-0596ABB05FAD}.Debug|Any CPU.Build.0 = Debug|Any CPU
		{11D27E17-F30E-4E14-BF27-0596ABB05FAD}.Release|Any CPU.ActiveCfg = Release|Any CPU
		{11D27E17-F30E-4E14-BF27-0596ABB05FAD}.Release|Any CPU.Build.0 = Release|Any CPU
		{9104751C-ABE7-4D71-853F-A62D3907D0F6}.Debug|Any CPU.ActiveCfg = Debug|Any CPU
		{9104751C-ABE7-4D71-853F-A62D3907D0F6}.Debug|Any CPU.Build.0 = Debug|Any CPU
		{9104751C-ABE7-4D71-853F-A62D3907D0F6}.Release|Any CPU.ActiveCfg = Release|Any CPU
		{9104751C-ABE7-4D71-853F-A62D3907D0F6}.Release|Any CPU.Build.0 = Release|Any CPU
		{CFEE5590-9D38-45FA-B25D-5C184CB50ACD}.Debug|Any CPU.ActiveCfg = Debug|Any CPU
		{CFEE5590-9D38-45FA-B25D-5C184CB50ACD}.Debug|Any CPU.Build.0 = Debug|Any CPU
		{CFEE5590-9D38-45FA-B25D-5C184CB50ACD}.Release|Any CPU.ActiveCfg = Release|Any CPU
		{CFEE5590-9D38-45FA-B25D-5C184CB50ACD}.Release|Any CPU.Build.0 = Release|Any CPU
		{B96878FF-057C-45AD-854B-0EDBAF2FD591}.Debug|Any CPU.ActiveCfg = Debug|Any CPU
		{B96878FF-057C-45AD-854B-0EDBAF2FD591}.Debug|Any CPU.Build.0 = Debug|Any CPU
		{B96878FF-057C-45AD-854B-0EDBAF2FD591}.Release|Any CPU.ActiveCfg = Release|Any CPU
		{B96878FF-057C-45AD-854B-0EDBAF2FD591}.Release|Any CPU.Build.0 = Release|Any CPU
		{43559E0B-524F-4B27-83BE-143A573B9434}.Debug|Any CPU.ActiveCfg = Debug|Any CPU
		{43559E0B-524F-4B27-83BE-143A573B9434}.Debug|Any CPU.Build.0 = Debug|Any CPU
		{43559E0B-524F-4B27-83BE-143A573B9434}.Release|Any CPU.ActiveCfg = Release|Any CPU
		{43559E0B-524F-4B27-83BE-143A573B9434}.Release|Any CPU.Build.0 = Release|Any CPU
		{3E48E864-EE0F-4698-BC76-6FA8B744DCFD}.Debug|Any CPU.ActiveCfg = Debug|Any CPU
		{3E48E864-EE0F-4698-BC76-6FA8B744DCFD}.Debug|Any CPU.Build.0 = Debug|Any CPU
		{3E48E864-EE0F-4698-BC76-6FA8B744DCFD}.Release|Any CPU.ActiveCfg = Release|Any CPU
		{3E48E864-EE0F-4698-BC76-6FA8B744DCFD}.Release|Any CPU.Build.0 = Release|Any CPU
		{6445D3B8-92B5-47BC-AA17-A7ACC09704FD}.Debug|Any CPU.ActiveCfg = Debug|Any CPU
		{6445D3B8-92B5-47BC-AA17-A7ACC09704FD}.Debug|Any CPU.Build.0 = Debug|Any CPU
		{6445D3B8-92B5-47BC-AA17-A7ACC09704FD}.Release|Any CPU.ActiveCfg = Release|Any CPU
		{6445D3B8-92B5-47BC-AA17-A7ACC09704FD}.Release|Any CPU.Build.0 = Release|Any CPU
		{8A8AA6BA-13F3-4160-BA35-956C84E14C1A}.Debug|Any CPU.ActiveCfg = Debug|Any CPU
		{8A8AA6BA-13F3-4160-BA35-956C84E14C1A}.Debug|Any CPU.Build.0 = Debug|Any CPU
		{8A8AA6BA-13F3-4160-BA35-956C84E14C1A}.Release|Any CPU.ActiveCfg = Release|Any CPU
		{8A8AA6BA-13F3-4160-BA35-956C84E14C1A}.Release|Any CPU.Build.0 = Release|Any CPU
		{DB0B705A-D8C9-46FA-954F-1C289377BEC3}.Debug|Any CPU.ActiveCfg = Debug|Any CPU
		{DB0B705A-D8C9-46FA-954F-1C289377BEC3}.Debug|Any CPU.Build.0 = Debug|Any CPU
		{DB0B705A-D8C9-46FA-954F-1C289377BEC3}.Release|Any CPU.ActiveCfg = Release|Any CPU
		{DB0B705A-D8C9-46FA-954F-1C289377BEC3}.Release|Any CPU.Build.0 = Release|Any CPU
		{A11AA9CD-5097-49FA-A6A4-C0E51F0B0262}.Debug|Any CPU.ActiveCfg = Debug|Any CPU
		{A11AA9CD-5097-49FA-A6A4-C0E51F0B0262}.Debug|Any CPU.Build.0 = Debug|Any CPU
		{A11AA9CD-5097-49FA-A6A4-C0E51F0B0262}.Release|Any CPU.ActiveCfg = Release|Any CPU
		{A11AA9CD-5097-49FA-A6A4-C0E51F0B0262}.Release|Any CPU.Build.0 = Release|Any CPU
		{2A5ED0C0-87B6-4BCA-804B-404CD3502CF2}.Debug|Any CPU.ActiveCfg = Debug|Any CPU
		{2A5ED0C0-87B6-4BCA-804B-404CD3502CF2}.Debug|Any CPU.Build.0 = Debug|Any CPU
		{2A5ED0C0-87B6-4BCA-804B-404CD3502CF2}.Release|Any CPU.ActiveCfg = Release|Any CPU
		{2A5ED0C0-87B6-4BCA-804B-404CD3502CF2}.Release|Any CPU.Build.0 = Release|Any CPU
		{5C09D3FA-A3B1-4B02-B751-9FA123EC0049}.Debug|Any CPU.ActiveCfg = Debug|Any CPU
		{5C09D3FA-A3B1-4B02-B751-9FA123EC0049}.Debug|Any CPU.Build.0 = Debug|Any CPU
		{5C09D3FA-A3B1-4B02-B751-9FA123EC0049}.Release|Any CPU.ActiveCfg = Release|Any CPU
		{5C09D3FA-A3B1-4B02-B751-9FA123EC0049}.Release|Any CPU.Build.0 = Release|Any CPU
		{578E20BA-911E-49CE-9C13-4F44B445ECF8}.Debug|Any CPU.ActiveCfg = Debug|Any CPU
		{578E20BA-911E-49CE-9C13-4F44B445ECF8}.Debug|Any CPU.Build.0 = Debug|Any CPU
		{578E20BA-911E-49CE-9C13-4F44B445ECF8}.Release|Any CPU.ActiveCfg = Release|Any CPU
		{578E20BA-911E-49CE-9C13-4F44B445ECF8}.Release|Any CPU.Build.0 = Release|Any CPU
		{D682487C-A99D-4408-8413-D2B913599C2C}.Debug|Any CPU.ActiveCfg = Debug|Any CPU
		{D682487C-A99D-4408-8413-D2B913599C2C}.Debug|Any CPU.Build.0 = Debug|Any CPU
		{D682487C-A99D-4408-8413-D2B913599C2C}.Release|Any CPU.ActiveCfg = Release|Any CPU
		{D682487C-A99D-4408-8413-D2B913599C2C}.Release|Any CPU.Build.0 = Release|Any CPU
		{F37F6A34-F6FF-4E9A-92A6-56FD223DEE99}.Debug|Any CPU.ActiveCfg = Debug|Any CPU
		{F37F6A34-F6FF-4E9A-92A6-56FD223DEE99}.Debug|Any CPU.Build.0 = Debug|Any CPU
		{F37F6A34-F6FF-4E9A-92A6-56FD223DEE99}.Release|Any CPU.ActiveCfg = Release|Any CPU
		{F37F6A34-F6FF-4E9A-92A6-56FD223DEE99}.Release|Any CPU.Build.0 = Release|Any CPU
		{F3BA7458-2676-4548-9703-548898F64F2F}.Debug|Any CPU.ActiveCfg = Debug|Any CPU
		{F3BA7458-2676-4548-9703-548898F64F2F}.Debug|Any CPU.Build.0 = Debug|Any CPU
		{F3BA7458-2676-4548-9703-548898F64F2F}.Release|Any CPU.ActiveCfg = Release|Any CPU
		{F3BA7458-2676-4548-9703-548898F64F2F}.Release|Any CPU.Build.0 = Release|Any CPU
		{490CD2CF-9B35-462E-AF76-2053F6EFEC71}.Debug|Any CPU.ActiveCfg = Debug|Any CPU
		{490CD2CF-9B35-462E-AF76-2053F6EFEC71}.Debug|Any CPU.Build.0 = Debug|Any CPU
		{490CD2CF-9B35-462E-AF76-2053F6EFEC71}.Release|Any CPU.ActiveCfg = Release|Any CPU
		{490CD2CF-9B35-462E-AF76-2053F6EFEC71}.Release|Any CPU.Build.0 = Release|Any CPU
		{25A357E4-4DE0-4525-96AE-FDF945D550F3}.Debug|Any CPU.ActiveCfg = Debug|Any CPU
		{25A357E4-4DE0-4525-96AE-FDF945D550F3}.Debug|Any CPU.Build.0 = Debug|Any CPU
		{25A357E4-4DE0-4525-96AE-FDF945D550F3}.Release|Any CPU.ActiveCfg = Release|Any CPU
		{25A357E4-4DE0-4525-96AE-FDF945D550F3}.Release|Any CPU.Build.0 = Release|Any CPU
		{D0A7BB06-46EA-4BC5-AF01-99C4B2F5F1E3}.Debug|Any CPU.ActiveCfg = Debug|Any CPU
		{D0A7BB06-46EA-4BC5-AF01-99C4B2F5F1E3}.Debug|Any CPU.Build.0 = Debug|Any CPU
		{D0A7BB06-46EA-4BC5-AF01-99C4B2F5F1E3}.Release|Any CPU.ActiveCfg = Release|Any CPU
		{D0A7BB06-46EA-4BC5-AF01-99C4B2F5F1E3}.Release|Any CPU.Build.0 = Release|Any CPU
		{C25373DF-B9DF-4E3F-A036-964232CD468B}.Debug|Any CPU.ActiveCfg = Debug|Any CPU
		{C25373DF-B9DF-4E3F-A036-964232CD468B}.Debug|Any CPU.Build.0 = Debug|Any CPU
		{C25373DF-B9DF-4E3F-A036-964232CD468B}.Release|Any CPU.ActiveCfg = Release|Any CPU
		{C25373DF-B9DF-4E3F-A036-964232CD468B}.Release|Any CPU.Build.0 = Release|Any CPU
		{8A344236-8D42-4125-B7DC-57965C7824AC}.Debug|Any CPU.ActiveCfg = Debug|Any CPU
		{8A344236-8D42-4125-B7DC-57965C7824AC}.Debug|Any CPU.Build.0 = Debug|Any CPU
		{8A344236-8D42-4125-B7DC-57965C7824AC}.Release|Any CPU.ActiveCfg = Release|Any CPU
		{8A344236-8D42-4125-B7DC-57965C7824AC}.Release|Any CPU.Build.0 = Release|Any CPU
		{8C299040-4808-43A1-8ACF-9378CCEC8E4D}.Debug|Any CPU.ActiveCfg = Debug|Any CPU
		{8C299040-4808-43A1-8ACF-9378CCEC8E4D}.Debug|Any CPU.Build.0 = Debug|Any CPU
		{8C299040-4808-43A1-8ACF-9378CCEC8E4D}.Release|Any CPU.ActiveCfg = Release|Any CPU
		{8C299040-4808-43A1-8ACF-9378CCEC8E4D}.Release|Any CPU.Build.0 = Release|Any CPU
		{570AB249-4A02-4160-B6B1-13B3DF66069B}.Debug|Any CPU.ActiveCfg = Debug|Any CPU
		{570AB249-4A02-4160-B6B1-13B3DF66069B}.Debug|Any CPU.Build.0 = Debug|Any CPU
		{570AB249-4A02-4160-B6B1-13B3DF66069B}.Release|Any CPU.ActiveCfg = Release|Any CPU
		{570AB249-4A02-4160-B6B1-13B3DF66069B}.Release|Any CPU.Build.0 = Release|Any CPU
		{FF6262FC-53E4-4BDF-A526-85A110645FB0}.Debug|Any CPU.ActiveCfg = Debug|Any CPU
		{FF6262FC-53E4-4BDF-A526-85A110645FB0}.Debug|Any CPU.Build.0 = Debug|Any CPU
		{FF6262FC-53E4-4BDF-A526-85A110645FB0}.Release|Any CPU.ActiveCfg = Release|Any CPU
		{FF6262FC-53E4-4BDF-A526-85A110645FB0}.Release|Any CPU.Build.0 = Release|Any CPU
	EndGlobalSection
	GlobalSection(SolutionProperties) = preSolution
		HideSolutionNode = FALSE
	EndGlobalSection
	GlobalSection(ExtensibilityGlobals) = postSolution
		SolutionGuid = {B4E056A5-E0F3-444B-9016-E0E9F0C1FE6B}
	EndGlobalSection
EndGlobal
